
Microsoft Visual Studio Solution File, Format Version 12.00
# Visual Studio Version 17
VisualStudioVersion = 17.13.35828.75 d17.13
MinimumVisualStudioVersion = 10.0.40219.1
Project("{FAE04EC0-301F-11D3-BF4B-00C04F79EFBC}") = "ForNurseCom", "ForNurseCom\ForNurseCom.csproj", "{C0448906-A2E3-4755-94BB-D018A0EF72B7}"
EndProject
Global
	GlobalSection(SolutionConfigurationPlatforms) = preSolution
		Debug|Any CPU = Debug|Any CPU
		Release|Any CPU = Release|Any CPU
	EndGlobalSection
	GlobalSection(ProjectConfigurationPlatforms) = postSolution
		{C0448906-A2E3-4755-94BB-D018A0EF72B7}.Debug|Any CPU.ActiveCfg = Debug|Any CPU
		{C0448906-A2E3-4755-94BB-D018A0EF72B7}.Debug|Any CPU.Build.0 = Debug|Any CPU
		{C0448906-A2E3-4755-94BB-D018A0EF72B7}.Release|Any CPU.ActiveCfg = Release|Any CPU
		{C0448906-A2E3-4755-94BB-D018A0EF72B7}.Release|Any CPU.Build.0 = Release|Any CPU
	EndGlobalSection
	GlobalSection(SolutionProperties) = preSolution
		HideSolutionNode = FALSE
	EndGlobalSection
	GlobalSection(ExtensibilityGlobals) = postSolution
		SolutionGuid = {F365A610-2726-4886-A698-01868A3066CA}
	EndGlobalSection
EndGlobal
